
Microsoft Visual Studio Solution File, Format Version 10.00
# Visual Studio 2008
Project("{2150E333-8FDC-42A3-9474-1A3956D46DE8}") = "Common", "Common", "{E8BA9856-944A-4B81-9F40-A28A31681A96}"
EndProject
Project("{FAE04EC0-301F-11D3-BF4B-00C04F79EFBC}") = "Common", "Common\Common.csproj", "{E06D39A3-B851-45B0-869B-DB9574AF2001}"
EndProject
Global
	GlobalSection(SolutionConfigurationPlatforms) = preSolution
		Debug|Any CPU = Debug|Any CPU
		Release|Any CPU = Release|Any CPU
	EndGlobalSection
	GlobalSection(ProjectConfigurationPlatforms) = postSolution
		{E06D39A3-B851-45B0-869B-DB9574AF2001}.Debug|Any CPU.ActiveCfg = Debug|Any CPU
		{E06D39A3-B851-45B0-869B-DB9574AF2001}.Debug|Any CPU.Build.0 = Debug|Any CPU
		{E06D39A3-B851-45B0-869B-DB9574AF2001}.Release|Any CPU.ActiveCfg = Release|Any CPU
		{E06D39A3-B851-45B0-869B-DB9574AF2001}.Release|Any CPU.Build.0 = Release|Any CPU
	EndGlobalSection
	GlobalSection(SolutionProperties) = preSolution
		HideSolutionNode = FALSE
	EndGlobalSection
	GlobalSection(NestedProjects) = preSolution
		{E06D39A3-B851-45B0-869B-DB9574AF2001} = {E8BA9856-944A-4B81-9F40-A28A31681A96}
	EndGlobalSection
EndGlobal
