
Microsoft Visual Studio Solution File, Format Version 10.00
# Visual Studio 2008
Project("{2150E333-8FDC-42A3-9474-1A3956D46DE8}") = "Service", "Service", "{79D723FA-A676-46C6-A66A-4003B57644EF}"
EndProject
Project("{FAE04EC0-301F-11D3-BF4B-00C04F79EFBC}") = "ServiceProxy", "ServiceProxy\ServiceProxy.csproj", "{E4DF02D4-26EC-4B7B-AACF-4699AE838284}"
EndProject
Project("{2150E333-8FDC-42A3-9474-1A3956D46DE8}") = "Integration.Tests", "Integration.Tests", "{3AAC2516-0ADF-4E3F-8A09-7A985174618E}"
EndProject
Project("{FAE04EC0-301F-11D3-BF4B-00C04F79EFBC}") = "Integration.Tests", "Integration.Tests\Integration.Tests.csproj", "{355BEB9B-54C0-4429-828C-1460E1E977CA}"
EndProject
Project("{FAE04EC0-301F-11D3-BF4B-00C04F79EFBC}") = "ServiceHost", "ServiceHost\ServiceHost.csproj", "{FEA22FE0-BC14-4520-A913-F6A4F8F98DC5}"
EndProject
Project("{FAE04EC0-301F-11D3-BF4B-00C04F79EFBC}") = "Service", "Service\Service.csproj", "{E06D39A3-B851-45B0-869B-DB9574AF2001}"
EndProject
Project("{2150E333-8FDC-42A3-9474-1A3956D46DE8}") = "Unit.Tests", "Unit.Tests", "{F32DD4CB-8060-498A-B806-288BA3AD45A4}"
EndProject
Project("{FAE04EC0-301F-11D3-BF4B-00C04F79EFBC}") = "Unit.Tests", "Unit.Tests\Unit.Tests.csproj", "{E4C98C86-0F2A-41CB-80E3-D6BA371974B5}"
EndProject
Global
	GlobalSection(SolutionConfigurationPlatforms) = preSolution
		Debug|Any CPU = Debug|Any CPU
		Release|Any CPU = Release|Any CPU
	EndGlobalSection
	GlobalSection(ProjectConfigurationPlatforms) = postSolution
		{E4DF02D4-26EC-4B7B-AACF-4699AE838284}.Debug|Any CPU.ActiveCfg = Debug|Any CPU
		{E4DF02D4-26EC-4B7B-AACF-4699AE838284}.Debug|Any CPU.Build.0 = Debug|Any CPU
		{E4DF02D4-26EC-4B7B-AACF-4699AE838284}.Release|Any CPU.ActiveCfg = Release|Any CPU
		{E4DF02D4-26EC-4B7B-AACF-4699AE838284}.Release|Any CPU.Build.0 = Release|Any CPU
		{355BEB9B-54C0-4429-828C-1460E1E977CA}.Debug|Any CPU.ActiveCfg = Debug|Any CPU
		{355BEB9B-54C0-4429-828C-1460E1E977CA}.Debug|Any CPU.Build.0 = Debug|Any CPU
		{355BEB9B-54C0-4429-828C-1460E1E977CA}.Release|Any CPU.ActiveCfg = Release|Any CPU
		{355BEB9B-54C0-4429-828C-1460E1E977CA}.Release|Any CPU.Build.0 = Release|Any CPU
		{FEA22FE0-BC14-4520-A913-F6A4F8F98DC5}.Debug|Any CPU.ActiveCfg = Debug|Any CPU
		{FEA22FE0-BC14-4520-A913-F6A4F8F98DC5}.Debug|Any CPU.Build.0 = Debug|Any CPU
		{FEA22FE0-BC14-4520-A913-F6A4F8F98DC5}.Release|Any CPU.ActiveCfg = Release|Any CPU
		{FEA22FE0-BC14-4520-A913-F6A4F8F98DC5}.Release|Any CPU.Build.0 = Release|Any CPU
		{E06D39A3-B851-45B0-869B-DB9574AF2001}.Debug|Any CPU.ActiveCfg = Debug|Any CPU
		{E06D39A3-B851-45B0-869B-DB9574AF2001}.Debug|Any CPU.Build.0 = Debug|Any CPU
		{E06D39A3-B851-45B0-869B-DB9574AF2001}.Release|Any CPU.ActiveCfg = Release|Any CPU
		{E06D39A3-B851-45B0-869B-DB9574AF2001}.Release|Any CPU.Build.0 = Release|Any CPU
		{E4C98C86-0F2A-41CB-80E3-D6BA371974B5}.Debug|Any CPU.ActiveCfg = Debug|Any CPU
		{E4C98C86-0F2A-41CB-80E3-D6BA371974B5}.Debug|Any CPU.Build.0 = Debug|Any CPU
		{E4C98C86-0F2A-41CB-80E3-D6BA371974B5}.Release|Any CPU.ActiveCfg = Release|Any CPU
		{E4C98C86-0F2A-41CB-80E3-D6BA371974B5}.Release|Any CPU.Build.0 = Release|Any CPU
	EndGlobalSection
	GlobalSection(SolutionProperties) = preSolution
		HideSolutionNode = FALSE
	EndGlobalSection
	GlobalSection(NestedProjects) = preSolution
		{E4DF02D4-26EC-4B7B-AACF-4699AE838284} = {79D723FA-A676-46C6-A66A-4003B57644EF}
		{FEA22FE0-BC14-4520-A913-F6A4F8F98DC5} = {79D723FA-A676-46C6-A66A-4003B57644EF}
		{E06D39A3-B851-45B0-869B-DB9574AF2001} = {79D723FA-A676-46C6-A66A-4003B57644EF}
		{355BEB9B-54C0-4429-828C-1460E1E977CA} = {3AAC2516-0ADF-4E3F-8A09-7A985174618E}
		{E4C98C86-0F2A-41CB-80E3-D6BA371974B5} = {F32DD4CB-8060-498A-B806-288BA3AD45A4}
	EndGlobalSection
EndGlobal
